
Microsoft Visual Studio Solution File, Format Version 12.00
# Visual Studio Version 17
VisualStudioVersion = 17.7.34031.279
MinimumVisualStudioVersion = 10.0.40219.1
Project("{8BC9CEB8-8B4A-11D0-8D11-00A0C91BC942}") = "helloworld", "helloworld\helloworld.vcxproj", "{FA5B2C03-CB11-4F9D-AD03-AE6DB83029CE}"
EndProject
Project("{8BC9CEB8-8B4A-11D0-8D11-00A0C91BC942}") = "helloworld-c", "helloworld-c\helloworld-c.vcxproj", "{257F93E8-D58E-47B9-A1B3-32C2AA59371A}"
EndProject
Project("{8BC9CEB8-8B4A-11D0-8D11-00A0C91BC942}") = "ex_with_h", "ex_with_h\ex_with_h.vcxproj", "{11BDDA4A-C0E0-429E-BD1E-6521D3F24C8B}"
EndProject
Project("{8BC9CEB8-8B4A-11D0-8D11-00A0C91BC942}") = "test-cct", "test-cct\test-cct.vcxproj", "{B1B7A81D-A302-4FCA-854B-875471640F93}"
EndProject
Project("{8BC9CEB8-8B4A-11D0-8D11-00A0C91BC942}") = "90-b1", "90-b1\90-b1.vcxproj", "{8C2947CD-475A-4472-811B-630577BEF2F2}"
EndProject
Project("{8BC9CEB8-8B4A-11D0-8D11-00A0C91BC942}") = "90-b2", "90-b2\90-b2.vcxproj", "{79A11CA1-74E8-4639-872A-1A56F692DBA2}"
EndProject
Global
	GlobalSection(SolutionConfigurationPlatforms) = preSolution
		Debug|x64 = Debug|x64
		Debug|x86 = Debug|x86
		Release|x64 = Release|x64
		Release|x86 = Release|x86
	EndGlobalSection
	GlobalSection(ProjectConfigurationPlatforms) = postSolution
		{FA5B2C03-CB11-4F9D-AD03-AE6DB83029CE}.Debug|x64.ActiveCfg = Debug|x64
		{FA5B2C03-CB11-4F9D-AD03-AE6DB83029CE}.Debug|x64.Build.0 = Debug|x64
		{FA5B2C03-CB11-4F9D-AD03-AE6DB83029CE}.Debug|x86.ActiveCfg = Debug|Win32
		{FA5B2C03-CB11-4F9D-AD03-AE6DB83029CE}.Debug|x86.Build.0 = Debug|Win32
		{FA5B2C03-CB11-4F9D-AD03-AE6DB83029CE}.Release|x64.ActiveCfg = Release|x64
		{FA5B2C03-CB11-4F9D-AD03-AE6DB83029CE}.Release|x64.Build.0 = Release|x64
		{FA5B2C03-CB11-4F9D-AD03-AE6DB83029CE}.Release|x86.ActiveCfg = Release|Win32
		{FA5B2C03-CB11-4F9D-AD03-AE6DB83029CE}.Release|x86.Build.0 = Release|Win32
		{257F93E8-D58E-47B9-A1B3-32C2AA59371A}.Debug|x64.ActiveCfg = Debug|x64
		{257F93E8-D58E-47B9-A1B3-32C2AA59371A}.Debug|x64.Build.0 = Debug|x64
		{257F93E8-D58E-47B9-A1B3-32C2AA59371A}.Debug|x86.ActiveCfg = Debug|Win32
		{257F93E8-D58E-47B9-A1B3-32C2AA59371A}.Debug|x86.Build.0 = Debug|Win32
		{257F93E8-D58E-47B9-A1B3-32C2AA59371A}.Release|x64.ActiveCfg = Release|x64
		{257F93E8-D58E-47B9-A1B3-32C2AA59371A}.Release|x64.Build.0 = Release|x64
		{257F93E8-D58E-47B9-A1B3-32C2AA59371A}.Release|x86.ActiveCfg = Release|Win32
		{257F93E8-D58E-47B9-A1B3-32C2AA59371A}.Release|x86.Build.0 = Release|Win32
		{11BDDA4A-C0E0-429E-BD1E-6521D3F24C8B}.Debug|x64.ActiveCfg = Debug|x64
		{11BDDA4A-C0E0-429E-BD1E-6521D3F24C8B}.Debug|x64.Build.0 = Debug|x64
		{11BDDA4A-C0E0-429E-BD1E-6521D3F24C8B}.Debug|x86.ActiveCfg = Debug|Win32
		{11BDDA4A-C0E0-429E-BD1E-6521D3F24C8B}.Debug|x86.Build.0 = Debug|Win32
		{11BDDA4A-C0E0-429E-BD1E-6521D3F24C8B}.Release|x64.ActiveCfg = Release|x64
		{11BDDA4A-C0E0-429E-BD1E-6521D3F24C8B}.Release|x64.Build.0 = Release|x64
		{11BDDA4A-C0E0-429E-BD1E-6521D3F24C8B}.Release|x86.ActiveCfg = Release|Win32
		{11BDDA4A-C0E0-429E-BD1E-6521D3F24C8B}.Release|x86.Build.0 = Release|Win32
		{B1B7A81D-A302-4FCA-854B-875471640F93}.Debug|x64.ActiveCfg = Debug|x64
		{B1B7A81D-A302-4FCA-854B-875471640F93}.Debug|x64.Build.0 = Debug|x64
		{B1B7A81D-A302-4FCA-854B-875471640F93}.Debug|x86.ActiveCfg = Debug|Win32
		{B1B7A81D-A302-4FCA-854B-875471640F93}.Debug|x86.Build.0 = Debug|Win32
		{B1B7A81D-A302-4FCA-854B-875471640F93}.Release|x64.ActiveCfg = Release|x64
		{B1B7A81D-A302-4FCA-854B-875471640F93}.Release|x64.Build.0 = Release|x64
		{B1B7A81D-A302-4FCA-854B-875471640F93}.Release|x86.ActiveCfg = Release|Win32
		{B1B7A81D-A302-4FCA-854B-875471640F93}.Release|x86.Build.0 = Release|Win32
		{8C2947CD-475A-4472-811B-630577BEF2F2}.Debug|x64.ActiveCfg = Debug|x64
		{8C2947CD-475A-4472-811B-630577BEF2F2}.Debug|x64.Build.0 = Debug|x64
		{8C2947CD-475A-4472-811B-630577BEF2F2}.Debug|x86.ActiveCfg = Debug|Win32
		{8C2947CD-475A-4472-811B-630577BEF2F2}.Debug|x86.Build.0 = Debug|Win32
		{8C2947CD-475A-4472-811B-630577BEF2F2}.Release|x64.ActiveCfg = Release|x64
		{8C2947CD-475A-4472-811B-630577BEF2F2}.Release|x64.Build.0 = Release|x64
		{8C2947CD-475A-4472-811B-630577BEF2F2}.Release|x86.ActiveCfg = Release|Win32
		{8C2947CD-475A-4472-811B-630577BEF2F2}.Release|x86.Build.0 = Release|Win32
		{79A11CA1-74E8-4639-872A-1A56F692DBA2}.Debug|x64.ActiveCfg = Debug|x64
		{79A11CA1-74E8-4639-872A-1A56F692DBA2}.Debug|x64.Build.0 = Debug|x64
		{79A11CA1-74E8-4639-872A-1A56F692DBA2}.Debug|x86.ActiveCfg = Debug|Win32
		{79A11CA1-74E8-4639-872A-1A56F692DBA2}.Debug|x86.Build.0 = Debug|Win32
		{79A11CA1-74E8-4639-872A-1A56F692DBA2}.Release|x64.ActiveCfg = Release|x64
		{79A11CA1-74E8-4639-872A-1A56F692DBA2}.Release|x64.Build.0 = Release|x64
		{79A11CA1-74E8-4639-872A-1A56F692DBA2}.Release|x86.ActiveCfg = Release|Win32
		{79A11CA1-74E8-4639-872A-1A56F692DBA2}.Release|x86.Build.0 = Release|Win32
	EndGlobalSection
	GlobalSection(SolutionProperties) = preSolution
		HideSolutionNode = FALSE
	EndGlobalSection
	GlobalSection(ExtensibilityGlobals) = postSolution
		SolutionGuid = {7F94B586-F736-434E-8FE5-030F9BC624DF}
	EndGlobalSection
EndGlobal
